
Microsoft Visual Studio Solution File, Format Version 12.00
Project("{FAE04EC0-301F-11D3-BF4B-00C04F79EFBC}") = "SensorSimulator", "SensorSimulator\SensorSimulator.csproj", "{5E1FBAB2-2BEC-494D-884F-AF8379D0CF82}"
EndProject
Global
	GlobalSection(SolutionConfigurationPlatforms) = preSolution
		Debug|Any CPU = Debug|Any CPU
		Release|Any CPU = Release|Any CPU
	EndGlobalSection
	GlobalSection(ProjectConfigurationPlatforms) = postSolution
		{5E1FBAB2-2BEC-494D-884F-AF8379D0CF82}.Debug|Any CPU.ActiveCfg = Debug|Any CPU
		{5E1FBAB2-2BEC-494D-884F-AF8379D0CF82}.Debug|Any CPU.Build.0 = Debug|Any CPU
		{5E1FBAB2-2BEC-494D-884F-AF8379D0CF82}.Release|Any CPU.ActiveCfg = Release|Any CPU
		{5E1FBAB2-2BEC-494D-884F-AF8379D0CF82}.Release|Any CPU.Build.0 = Release|Any CPU
	EndGlobalSection
EndGlobal
