
Microsoft Visual Studio Solution File, Format Version 12.00
Project("{FAE04EC0-301F-11D3-BF4B-00C04F79EFBC}") = "DeviceSimulator", "DeviceSimulator\DeviceSimulator.csproj", "{5E1FBAB2-2BEC-494D-884F-AF8379D0CF82}"
EndProject
Project("{2150E333-8FDC-42A3-9474-1A3956D46DE8}") = "Device", "Device", "{DDF3C6C5-9E35-4FDF-BC6E-BD9C996CFE9C}"
EndProject
Project("{2150E333-8FDC-42A3-9474-1A3956D46DE8}") = "Backend", "Backend", "{3CC35DBA-67D6-422A-BF84-A9A637AF7336}"
EndProject
Project("{2150E333-8FDC-42A3-9474-1A3956D46DE8}") = "Frontend", "Frontend", "{0676C45F-C98E-42CB-BD42-5E836C7366D3}"
EndProject
Project("{FAE04EC0-301F-11D3-BF4B-00C04F79EFBC}") = "Backend", "Backend\Backend.csproj", "{91D0E5AA-19B6-4792-BA1E-EFD5B241E963}"
EndProject
Project("{FAE04EC0-301F-11D3-BF4B-00C04F79EFBC}") = "DeviceSimulator.Tests", "DeviceSimulator.Tests\DeviceSimulator.Tests.csproj", "{431575AA-C4F0-4E5D-82F2-70A8076285B0}"
EndProject
Project("{FAE04EC0-301F-11D3-BF4B-00C04F79EFBC}") = "Backend.Tests", "Backend.Tests\Backend.Tests.csproj", "{7171ADCB-7CCE-49C2-9AB9-80AEA4C8E772}"
EndProject
Project("{9A19103F-16F7-4668-BE54-9A1E7A4F7556}") = "_build", "build\_build.csproj", "{B41512AA-03E4-495C-9026-F9AF643407E2}"
EndProject
Global
	GlobalSection(SolutionConfigurationPlatforms) = preSolution
		Debug|Any CPU = Debug|Any CPU
		Release|Any CPU = Release|Any CPU
	EndGlobalSection
	GlobalSection(ProjectConfigurationPlatforms) = postSolution
		{B41512AA-03E4-495C-9026-F9AF643407E2}.Debug|Any CPU.ActiveCfg = Debug|Any CPU
		{B41512AA-03E4-495C-9026-F9AF643407E2}.Release|Any CPU.ActiveCfg = Release|Any CPU
		{5E1FBAB2-2BEC-494D-884F-AF8379D0CF82}.Debug|Any CPU.ActiveCfg = Debug|Any CPU
		{5E1FBAB2-2BEC-494D-884F-AF8379D0CF82}.Debug|Any CPU.Build.0 = Debug|Any CPU
		{5E1FBAB2-2BEC-494D-884F-AF8379D0CF82}.Release|Any CPU.ActiveCfg = Release|Any CPU
		{5E1FBAB2-2BEC-494D-884F-AF8379D0CF82}.Release|Any CPU.Build.0 = Release|Any CPU
		{91D0E5AA-19B6-4792-BA1E-EFD5B241E963}.Debug|Any CPU.ActiveCfg = Debug|Any CPU
		{91D0E5AA-19B6-4792-BA1E-EFD5B241E963}.Debug|Any CPU.Build.0 = Debug|Any CPU
		{91D0E5AA-19B6-4792-BA1E-EFD5B241E963}.Release|Any CPU.ActiveCfg = Release|Any CPU
		{91D0E5AA-19B6-4792-BA1E-EFD5B241E963}.Release|Any CPU.Build.0 = Release|Any CPU
		{431575AA-C4F0-4E5D-82F2-70A8076285B0}.Debug|Any CPU.ActiveCfg = Debug|Any CPU
		{431575AA-C4F0-4E5D-82F2-70A8076285B0}.Debug|Any CPU.Build.0 = Debug|Any CPU
		{431575AA-C4F0-4E5D-82F2-70A8076285B0}.Release|Any CPU.ActiveCfg = Release|Any CPU
		{431575AA-C4F0-4E5D-82F2-70A8076285B0}.Release|Any CPU.Build.0 = Release|Any CPU
		{7171ADCB-7CCE-49C2-9AB9-80AEA4C8E772}.Debug|Any CPU.ActiveCfg = Debug|Any CPU
		{7171ADCB-7CCE-49C2-9AB9-80AEA4C8E772}.Debug|Any CPU.Build.0 = Debug|Any CPU
		{7171ADCB-7CCE-49C2-9AB9-80AEA4C8E772}.Release|Any CPU.ActiveCfg = Release|Any CPU
		{7171ADCB-7CCE-49C2-9AB9-80AEA4C8E772}.Release|Any CPU.Build.0 = Release|Any CPU
	EndGlobalSection
	GlobalSection(NestedProjects) = preSolution
		{5E1FBAB2-2BEC-494D-884F-AF8379D0CF82} = {DDF3C6C5-9E35-4FDF-BC6E-BD9C996CFE9C}
		{91D0E5AA-19B6-4792-BA1E-EFD5B241E963} = {3CC35DBA-67D6-422A-BF84-A9A637AF7336}
		{431575AA-C4F0-4E5D-82F2-70A8076285B0} = {DDF3C6C5-9E35-4FDF-BC6E-BD9C996CFE9C}
		{7171ADCB-7CCE-49C2-9AB9-80AEA4C8E772} = {3CC35DBA-67D6-422A-BF84-A9A637AF7336}
	EndGlobalSection
EndGlobal
